
Microsoft Visual Studio Solution File, Format Version 12.00
# Visual Studio Version 16
VisualStudioVersion = 16.0.30330.147
MinimumVisualStudioVersion = 10.0.40219.1
Project("{9A19103F-16F7-4668-BE54-9A1E7A4F7556}") = "SimpleVehicleShop", "SimpleVehicleShop.csproj", "{8B2E470A-0BBA-4A3A-982C-4BE1CCA639A3}"
EndProject
Global
	GlobalSection(SolutionConfigurationPlatforms) = preSolution
		Debug|Any CPU = Debug|Any CPU
		Release|Any CPU = Release|Any CPU
	EndGlobalSection
	GlobalSection(ProjectConfigurationPlatforms) = postSolution
		{8B2E470A-0BBA-4A3A-982C-4BE1CCA639A3}.Debug|Any CPU.ActiveCfg = Debug|Any CPU
		{8B2E470A-0BBA-4A3A-982C-4BE1CCA639A3}.Debug|Any CPU.Build.0 = Debug|Any CPU
		{8B2E470A-0BBA-4A3A-982C-4BE1CCA639A3}.Release|Any CPU.ActiveCfg = Release|Any CPU
		{8B2E470A-0BBA-4A3A-982C-4BE1CCA639A3}.Release|Any CPU.Build.0 = Release|Any CPU
	EndGlobalSection
	GlobalSection(SolutionProperties) = preSolution
		HideSolutionNode = FALSE
	EndGlobalSection
	GlobalSection(ExtensibilityGlobals) = postSolution
		SolutionGuid = {3CBA3C66-FB64-487C-92EA-C840DD2B0B06}
	EndGlobalSection
EndGlobal
